
Microsoft Visual Studio Solution File, Format Version 12.00
# Visual Studio Version 17
VisualStudioVersion = 17.9.34728.123
MinimumVisualStudioVersion = 10.0.40219.1
Project("{9A19103F-16F7-4668-BE54-9A1E7A4F7556}") = "BookStoreNetCore", "BookStoreNetCore\BookStoreNetCore.csproj", "{D811F8CF-803B-438C-BEF6-1EF1BCB608AF}"
EndProject
Project("{9A19103F-16F7-4668-BE54-9A1E7A4F7556}") = "BookStore.DAL", "BookStore.DAL\BookStore.DAL.csproj", "{8EBDC345-8F10-4E74-86B6-F4535AC22548}"
EndProject
Project("{9A19103F-16F7-4668-BE54-9A1E7A4F7556}") = "BookStore.BLL", "BookStore.BLL\BookStore.BLL.csproj", "{03F4474B-4B49-4D98-870C-436D40EC6F2E}"
EndProject
Project("{9A19103F-16F7-4668-BE54-9A1E7A4F7556}") = "BookStore.Libraries.Common", "BookStore.Libraries.Common\BookStore.Libraries.Common.csproj", "{8397C735-EFCD-4035-80A6-E0B09E7EB4F0}"
EndProject
Project("{9A19103F-16F7-4668-BE54-9A1E7A4F7556}") = "BookStore.Migrations", "BookStore.Migrations\BookStore.Migrations.csproj", "{EABC2803-157D-4B30-A3F1-7B51D30243CC}"
EndProject
Project("{2150E333-8FDC-42A3-9474-1A3956D46DE8}") = "Frontend", "Frontend", "{D5193773-437F-4425-B675-0A8C200C6E74}"
EndProject
Project("{9A19103F-16F7-4668-BE54-9A1E7A4F7556}") = "BookStoreEcommerce.Server", "Frontend\BookStoreEcommerce.Server\BookStoreEcommerce.Server.csproj", "{833AE9E1-D13C-4BDE-994E-725FE4C9DB45}"
EndProject
Project("{54A90642-561A-4BB1-A94E-469ADEE60C69}") = "bookstoreecommerce.client", "Frontend\bookstoreecommerce.client\bookstoreecommerce.client.esproj", "{0A37267D-38AE-41A7-BEB6-72457152DEE1}"
EndProject
Project("{FAE04EC0-301F-11D3-BF4B-00C04F79EFBC}") = "BookStore.ViewModel", "BookStore.ViewModel\BookStore.ViewModel.csproj", "{C1F41070-8126-4F78-8CCF-98538B1CF01C}"
EndProject
Global
	GlobalSection(SolutionConfigurationPlatforms) = preSolution
		Debug|Any CPU = Debug|Any CPU
		Release|Any CPU = Release|Any CPU
	EndGlobalSection
	GlobalSection(ProjectConfigurationPlatforms) = postSolution
		{D811F8CF-803B-438C-BEF6-1EF1BCB608AF}.Debug|Any CPU.ActiveCfg = Debug|Any CPU
		{D811F8CF-803B-438C-BEF6-1EF1BCB608AF}.Debug|Any CPU.Build.0 = Debug|Any CPU
		{D811F8CF-803B-438C-BEF6-1EF1BCB608AF}.Release|Any CPU.ActiveCfg = Release|Any CPU
		{D811F8CF-803B-438C-BEF6-1EF1BCB608AF}.Release|Any CPU.Build.0 = Release|Any CPU
		{8EBDC345-8F10-4E74-86B6-F4535AC22548}.Debug|Any CPU.ActiveCfg = Debug|Any CPU
		{8EBDC345-8F10-4E74-86B6-F4535AC22548}.Debug|Any CPU.Build.0 = Debug|Any CPU
		{8EBDC345-8F10-4E74-86B6-F4535AC22548}.Release|Any CPU.ActiveCfg = Release|Any CPU
		{8EBDC345-8F10-4E74-86B6-F4535AC22548}.Release|Any CPU.Build.0 = Release|Any CPU
		{03F4474B-4B49-4D98-870C-436D40EC6F2E}.Debug|Any CPU.ActiveCfg = Debug|Any CPU
		{03F4474B-4B49-4D98-870C-436D40EC6F2E}.Debug|Any CPU.Build.0 = Debug|Any CPU
		{03F4474B-4B49-4D98-870C-436D40EC6F2E}.Release|Any CPU.ActiveCfg = Release|Any CPU
		{03F4474B-4B49-4D98-870C-436D40EC6F2E}.Release|Any CPU.Build.0 = Release|Any CPU
		{8397C735-EFCD-4035-80A6-E0B09E7EB4F0}.Debug|Any CPU.ActiveCfg = Debug|Any CPU
		{8397C735-EFCD-4035-80A6-E0B09E7EB4F0}.Debug|Any CPU.Build.0 = Debug|Any CPU
		{8397C735-EFCD-4035-80A6-E0B09E7EB4F0}.Release|Any CPU.ActiveCfg = Release|Any CPU
		{8397C735-EFCD-4035-80A6-E0B09E7EB4F0}.Release|Any CPU.Build.0 = Release|Any CPU
		{EABC2803-157D-4B30-A3F1-7B51D30243CC}.Debug|Any CPU.ActiveCfg = Debug|Any CPU
		{EABC2803-157D-4B30-A3F1-7B51D30243CC}.Debug|Any CPU.Build.0 = Debug|Any CPU
		{EABC2803-157D-4B30-A3F1-7B51D30243CC}.Release|Any CPU.ActiveCfg = Release|Any CPU
		{EABC2803-157D-4B30-A3F1-7B51D30243CC}.Release|Any CPU.Build.0 = Release|Any CPU
		{833AE9E1-D13C-4BDE-994E-725FE4C9DB45}.Debug|Any CPU.ActiveCfg = Debug|Any CPU
		{833AE9E1-D13C-4BDE-994E-725FE4C9DB45}.Debug|Any CPU.Build.0 = Debug|Any CPU
		{833AE9E1-D13C-4BDE-994E-725FE4C9DB45}.Release|Any CPU.ActiveCfg = Release|Any CPU
		{833AE9E1-D13C-4BDE-994E-725FE4C9DB45}.Release|Any CPU.Build.0 = Release|Any CPU
		{0A37267D-38AE-41A7-BEB6-72457152DEE1}.Debug|Any CPU.ActiveCfg = Debug|Any CPU
		{0A37267D-38AE-41A7-BEB6-72457152DEE1}.Debug|Any CPU.Build.0 = Debug|Any CPU
		{0A37267D-38AE-41A7-BEB6-72457152DEE1}.Debug|Any CPU.Deploy.0 = Debug|Any CPU
		{0A37267D-38AE-41A7-BEB6-72457152DEE1}.Release|Any CPU.ActiveCfg = Release|Any CPU
		{0A37267D-38AE-41A7-BEB6-72457152DEE1}.Release|Any CPU.Build.0 = Release|Any CPU
		{0A37267D-38AE-41A7-BEB6-72457152DEE1}.Release|Any CPU.Deploy.0 = Release|Any CPU
		{C1F41070-8126-4F78-8CCF-98538B1CF01C}.Debug|Any CPU.ActiveCfg = Debug|Any CPU
		{C1F41070-8126-4F78-8CCF-98538B1CF01C}.Debug|Any CPU.Build.0 = Debug|Any CPU
		{C1F41070-8126-4F78-8CCF-98538B1CF01C}.Release|Any CPU.ActiveCfg = Release|Any CPU
		{C1F41070-8126-4F78-8CCF-98538B1CF01C}.Release|Any CPU.Build.0 = Release|Any CPU
	EndGlobalSection
	GlobalSection(SolutionProperties) = preSolution
		HideSolutionNode = FALSE
	EndGlobalSection
	GlobalSection(NestedProjects) = preSolution
		{833AE9E1-D13C-4BDE-994E-725FE4C9DB45} = {D5193773-437F-4425-B675-0A8C200C6E74}
		{0A37267D-38AE-41A7-BEB6-72457152DEE1} = {D5193773-437F-4425-B675-0A8C200C6E74}
	EndGlobalSection
	GlobalSection(ExtensibilityGlobals) = postSolution
		SolutionGuid = {77C76CB8-A2BF-48B4-BCC2-10D9B5407B28}
	EndGlobalSection
EndGlobal
